
Microsoft Visual Studio Solution File, Format Version 12.00
# Visual Studio Version 16
VisualStudioVersion = 16.0.32106.194
MinimumVisualStudioVersion = 10.0.40219.1
Project("{FAE04EC0-301F-11D3-BF4B-00C04F79EFBC}") = "Program assignment 1", "Program assignment 1.csproj", "{872F480E-18D7-474C-B5EE-E39B403379D1}"
EndProject
Global
	GlobalSection(SolutionConfigurationPlatforms) = preSolution
		Debug|Any CPU = Debug|Any CPU
		Release|Any CPU = Release|Any CPU
	EndGlobalSection
	GlobalSection(ProjectConfigurationPlatforms) = postSolution
		{872F480E-18D7-474C-B5EE-E39B403379D1}.Debug|Any CPU.ActiveCfg = Debug|Any CPU
		{872F480E-18D7-474C-B5EE-E39B403379D1}.Debug|Any CPU.Build.0 = Debug|Any CPU
		{872F480E-18D7-474C-B5EE-E39B403379D1}.Release|Any CPU.ActiveCfg = Release|Any CPU
		{872F480E-18D7-474C-B5EE-E39B403379D1}.Release|Any CPU.Build.0 = Release|Any CPU
	EndGlobalSection
	GlobalSection(SolutionProperties) = preSolution
		HideSolutionNode = FALSE
	EndGlobalSection
	GlobalSection(ExtensibilityGlobals) = postSolution
		SolutionGuid = {2B79692C-7B7D-420A-9433-530F36C936FB}
	EndGlobalSection
EndGlobal
